
Microsoft Visual Studio Solution File, Format Version 12.00
# Visual Studio 14
VisualStudioVersion = 14.0.24720.0
MinimumVisualStudioVersion = 10.0.40219.1
Project("{FAE04EC0-301F-11D3-BF4B-00C04F79EFBC}") = "SSPS.UWP", "SSPS.UWP\SSPS.UWP.csproj", "{CCAA9F58-6F7E-49D4-AD5F-2D3BCD8C1462}"
EndProject
Project("{FAE04EC0-301F-11D3-BF4B-00C04F79EFBC}") = "SSPS.BO", "SSPS.BO\SSPS.BO.csproj", "{701EB9C2-F015-45B2-A556-0B1C8C6FE222}"
EndProject
Project("{FAE04EC0-301F-11D3-BF4B-00C04F79EFBC}") = "SSPS.VO", "SSPS.VO\SSPS.VO.csproj", "{2776AEB2-5190-46FE-8083-88106356FCD4}"
EndProject
Project("{2150E333-8FDC-42A3-9474-1A3956D46DE8}") = "Supplementation", "Supplementation", "{68C64C6D-28FF-4918-981F-68C54882EB7A}"
EndProject
Project("{2150E333-8FDC-42A3-9474-1A3956D46DE8}") = "EndDevices", "EndDevices", "{68DDE37D-3797-421D-96EE-C9C03DA91DBF}"
EndProject
Project("{2150E333-8FDC-42A3-9474-1A3956D46DE8}") = "UWP", "UWP", "{B66EE896-9479-4913-8AA1-D4D723FD6F80}"
EndProject
Project("{2150E333-8FDC-42A3-9474-1A3956D46DE8}") = "Android", "Android", "{5A5C26C1-ACAC-48B2-825E-36571A974CC6}"
EndProject
Project("{2150E333-8FDC-42A3-9474-1A3956D46DE8}") = "iOS", "iOS", "{47A67D6A-52C2-4F1C-96AD-6AA886825782}"
EndProject
Project("{2150E333-8FDC-42A3-9474-1A3956D46DE8}") = "Test", "Test", "{CD271FCC-1F28-4A02-B81D-C9872243B95E}"
EndProject
Project("{FAE04EC0-301F-11D3-BF4B-00C04F79EFBC}") = "BO", "BO\BO.csproj", "{8E1F69FC-C789-4CA0-8BE3-DFCC2762DB76}"
EndProject
Project("{2150E333-8FDC-42A3-9474-1A3956D46DE8}") = "WinForm", "WinForm", "{580F85D7-1394-4B89-AAB1-160A84001B57}"
EndProject
Project("{FAE04EC0-301F-11D3-BF4B-00C04F79EFBC}") = "SSPS.WinForm", "SSPS.WinForm\SSPS.WinForm.csproj", "{A78CD529-EC86-42A8-98FB-D6F8CA509FDE}"
EndProject
Global
	GlobalSection(SolutionConfigurationPlatforms) = preSolution
		Debug|Any CPU = Debug|Any CPU
		Debug|ARM = Debug|ARM
		Debug|x64 = Debug|x64
		Debug|x86 = Debug|x86
		Release|Any CPU = Release|Any CPU
		Release|ARM = Release|ARM
		Release|x64 = Release|x64
		Release|x86 = Release|x86
	EndGlobalSection
	GlobalSection(ProjectConfigurationPlatforms) = postSolution
		{CCAA9F58-6F7E-49D4-AD5F-2D3BCD8C1462}.Debug|Any CPU.ActiveCfg = Debug|x86
		{CCAA9F58-6F7E-49D4-AD5F-2D3BCD8C1462}.Debug|ARM.ActiveCfg = Debug|ARM
		{CCAA9F58-6F7E-49D4-AD5F-2D3BCD8C1462}.Debug|ARM.Build.0 = Debug|ARM
		{CCAA9F58-6F7E-49D4-AD5F-2D3BCD8C1462}.Debug|ARM.Deploy.0 = Debug|ARM
		{CCAA9F58-6F7E-49D4-AD5F-2D3BCD8C1462}.Debug|x64.ActiveCfg = Debug|x64
		{CCAA9F58-6F7E-49D4-AD5F-2D3BCD8C1462}.Debug|x64.Build.0 = Debug|x64
		{CCAA9F58-6F7E-49D4-AD5F-2D3BCD8C1462}.Debug|x64.Deploy.0 = Debug|x64
		{CCAA9F58-6F7E-49D4-AD5F-2D3BCD8C1462}.Debug|x86.ActiveCfg = Debug|x86
		{CCAA9F58-6F7E-49D4-AD5F-2D3BCD8C1462}.Debug|x86.Build.0 = Debug|x86
		{CCAA9F58-6F7E-49D4-AD5F-2D3BCD8C1462}.Debug|x86.Deploy.0 = Debug|x86
		{CCAA9F58-6F7E-49D4-AD5F-2D3BCD8C1462}.Release|Any CPU.ActiveCfg = Release|x86
		{CCAA9F58-6F7E-49D4-AD5F-2D3BCD8C1462}.Release|ARM.ActiveCfg = Release|ARM
		{CCAA9F58-6F7E-49D4-AD5F-2D3BCD8C1462}.Release|ARM.Build.0 = Release|ARM
		{CCAA9F58-6F7E-49D4-AD5F-2D3BCD8C1462}.Release|ARM.Deploy.0 = Release|ARM
		{CCAA9F58-6F7E-49D4-AD5F-2D3BCD8C1462}.Release|x64.ActiveCfg = Release|x64
		{CCAA9F58-6F7E-49D4-AD5F-2D3BCD8C1462}.Release|x64.Build.0 = Release|x64
		{CCAA9F58-6F7E-49D4-AD5F-2D3BCD8C1462}.Release|x64.Deploy.0 = Release|x64
		{CCAA9F58-6F7E-49D4-AD5F-2D3BCD8C1462}.Release|x86.ActiveCfg = Release|x86
		{CCAA9F58-6F7E-49D4-AD5F-2D3BCD8C1462}.Release|x86.Build.0 = Release|x86
		{CCAA9F58-6F7E-49D4-AD5F-2D3BCD8C1462}.Release|x86.Deploy.0 = Release|x86
		{701EB9C2-F015-45B2-A556-0B1C8C6FE222}.Debug|Any CPU.ActiveCfg = Debug|Any CPU
		{701EB9C2-F015-45B2-A556-0B1C8C6FE222}.Debug|Any CPU.Build.0 = Debug|Any CPU
		{701EB9C2-F015-45B2-A556-0B1C8C6FE222}.Debug|ARM.ActiveCfg = Debug|Any CPU
		{701EB9C2-F015-45B2-A556-0B1C8C6FE222}.Debug|ARM.Build.0 = Debug|Any CPU
		{701EB9C2-F015-45B2-A556-0B1C8C6FE222}.Debug|x64.ActiveCfg = Debug|Any CPU
		{701EB9C2-F015-45B2-A556-0B1C8C6FE222}.Debug|x64.Build.0 = Debug|Any CPU
		{701EB9C2-F015-45B2-A556-0B1C8C6FE222}.Debug|x86.ActiveCfg = Debug|Any CPU
		{701EB9C2-F015-45B2-A556-0B1C8C6FE222}.Debug|x86.Build.0 = Debug|Any CPU
		{701EB9C2-F015-45B2-A556-0B1C8C6FE222}.Release|Any CPU.ActiveCfg = Release|Any CPU
		{701EB9C2-F015-45B2-A556-0B1C8C6FE222}.Release|Any CPU.Build.0 = Release|Any CPU
		{701EB9C2-F015-45B2-A556-0B1C8C6FE222}.Release|ARM.ActiveCfg = Release|Any CPU
		{701EB9C2-F015-45B2-A556-0B1C8C6FE222}.Release|ARM.Build.0 = Release|Any CPU
		{701EB9C2-F015-45B2-A556-0B1C8C6FE222}.Release|x64.ActiveCfg = Release|Any CPU
		{701EB9C2-F015-45B2-A556-0B1C8C6FE222}.Release|x64.Build.0 = Release|Any CPU
		{701EB9C2-F015-45B2-A556-0B1C8C6FE222}.Release|x86.ActiveCfg = Release|Any CPU
		{701EB9C2-F015-45B2-A556-0B1C8C6FE222}.Release|x86.Build.0 = Release|Any CPU
		{2776AEB2-5190-46FE-8083-88106356FCD4}.Debug|Any CPU.ActiveCfg = Debug|Any CPU
		{2776AEB2-5190-46FE-8083-88106356FCD4}.Debug|Any CPU.Build.0 = Debug|Any CPU
		{2776AEB2-5190-46FE-8083-88106356FCD4}.Debug|ARM.ActiveCfg = Debug|Any CPU
		{2776AEB2-5190-46FE-8083-88106356FCD4}.Debug|ARM.Build.0 = Debug|Any CPU
		{2776AEB2-5190-46FE-8083-88106356FCD4}.Debug|x64.ActiveCfg = Debug|Any CPU
		{2776AEB2-5190-46FE-8083-88106356FCD4}.Debug|x64.Build.0 = Debug|Any CPU
		{2776AEB2-5190-46FE-8083-88106356FCD4}.Debug|x86.ActiveCfg = Debug|Any CPU
		{2776AEB2-5190-46FE-8083-88106356FCD4}.Debug|x86.Build.0 = Debug|Any CPU
		{2776AEB2-5190-46FE-8083-88106356FCD4}.Release|Any CPU.ActiveCfg = Release|Any CPU
		{2776AEB2-5190-46FE-8083-88106356FCD4}.Release|Any CPU.Build.0 = Release|Any CPU
		{2776AEB2-5190-46FE-8083-88106356FCD4}.Release|ARM.ActiveCfg = Release|Any CPU
		{2776AEB2-5190-46FE-8083-88106356FCD4}.Release|ARM.Build.0 = Release|Any CPU
		{2776AEB2-5190-46FE-8083-88106356FCD4}.Release|x64.ActiveCfg = Release|Any CPU
		{2776AEB2-5190-46FE-8083-88106356FCD4}.Release|x64.Build.0 = Release|Any CPU
		{2776AEB2-5190-46FE-8083-88106356FCD4}.Release|x86.ActiveCfg = Release|Any CPU
		{2776AEB2-5190-46FE-8083-88106356FCD4}.Release|x86.Build.0 = Release|Any CPU
		{8E1F69FC-C789-4CA0-8BE3-DFCC2762DB76}.Debug|Any CPU.ActiveCfg = Debug|Any CPU
		{8E1F69FC-C789-4CA0-8BE3-DFCC2762DB76}.Debug|Any CPU.Build.0 = Debug|Any CPU
		{8E1F69FC-C789-4CA0-8BE3-DFCC2762DB76}.Debug|ARM.ActiveCfg = Debug|Any CPU
		{8E1F69FC-C789-4CA0-8BE3-DFCC2762DB76}.Debug|ARM.Build.0 = Debug|Any CPU
		{8E1F69FC-C789-4CA0-8BE3-DFCC2762DB76}.Debug|x64.ActiveCfg = Debug|Any CPU
		{8E1F69FC-C789-4CA0-8BE3-DFCC2762DB76}.Debug|x64.Build.0 = Debug|Any CPU
		{8E1F69FC-C789-4CA0-8BE3-DFCC2762DB76}.Debug|x86.ActiveCfg = Debug|Any CPU
		{8E1F69FC-C789-4CA0-8BE3-DFCC2762DB76}.Debug|x86.Build.0 = Debug|Any CPU
		{8E1F69FC-C789-4CA0-8BE3-DFCC2762DB76}.Release|Any CPU.ActiveCfg = Release|Any CPU
		{8E1F69FC-C789-4CA0-8BE3-DFCC2762DB76}.Release|Any CPU.Build.0 = Release|Any CPU
		{8E1F69FC-C789-4CA0-8BE3-DFCC2762DB76}.Release|ARM.ActiveCfg = Release|Any CPU
		{8E1F69FC-C789-4CA0-8BE3-DFCC2762DB76}.Release|ARM.Build.0 = Release|Any CPU
		{8E1F69FC-C789-4CA0-8BE3-DFCC2762DB76}.Release|x64.ActiveCfg = Release|Any CPU
		{8E1F69FC-C789-4CA0-8BE3-DFCC2762DB76}.Release|x64.Build.0 = Release|Any CPU
		{8E1F69FC-C789-4CA0-8BE3-DFCC2762DB76}.Release|x86.ActiveCfg = Release|Any CPU
		{8E1F69FC-C789-4CA0-8BE3-DFCC2762DB76}.Release|x86.Build.0 = Release|Any CPU
		{A78CD529-EC86-42A8-98FB-D6F8CA509FDE}.Debug|Any CPU.ActiveCfg = Debug|Any CPU
		{A78CD529-EC86-42A8-98FB-D6F8CA509FDE}.Debug|Any CPU.Build.0 = Debug|Any CPU
		{A78CD529-EC86-42A8-98FB-D6F8CA509FDE}.Debug|ARM.ActiveCfg = Debug|Any CPU
		{A78CD529-EC86-42A8-98FB-D6F8CA509FDE}.Debug|ARM.Build.0 = Debug|Any CPU
		{A78CD529-EC86-42A8-98FB-D6F8CA509FDE}.Debug|x64.ActiveCfg = Debug|Any CPU
		{A78CD529-EC86-42A8-98FB-D6F8CA509FDE}.Debug|x64.Build.0 = Debug|Any CPU
		{A78CD529-EC86-42A8-98FB-D6F8CA509FDE}.Debug|x86.ActiveCfg = Debug|Any CPU
		{A78CD529-EC86-42A8-98FB-D6F8CA509FDE}.Debug|x86.Build.0 = Debug|Any CPU
		{A78CD529-EC86-42A8-98FB-D6F8CA509FDE}.Release|Any CPU.ActiveCfg = Release|Any CPU
		{A78CD529-EC86-42A8-98FB-D6F8CA509FDE}.Release|Any CPU.Build.0 = Release|Any CPU
		{A78CD529-EC86-42A8-98FB-D6F8CA509FDE}.Release|ARM.ActiveCfg = Release|Any CPU
		{A78CD529-EC86-42A8-98FB-D6F8CA509FDE}.Release|ARM.Build.0 = Release|Any CPU
		{A78CD529-EC86-42A8-98FB-D6F8CA509FDE}.Release|x64.ActiveCfg = Release|Any CPU
		{A78CD529-EC86-42A8-98FB-D6F8CA509FDE}.Release|x64.Build.0 = Release|Any CPU
		{A78CD529-EC86-42A8-98FB-D6F8CA509FDE}.Release|x86.ActiveCfg = Release|Any CPU
		{A78CD529-EC86-42A8-98FB-D6F8CA509FDE}.Release|x86.Build.0 = Release|Any CPU
	EndGlobalSection
	GlobalSection(SolutionProperties) = preSolution
		HideSolutionNode = FALSE
	EndGlobalSection
	GlobalSection(NestedProjects) = preSolution
		{CCAA9F58-6F7E-49D4-AD5F-2D3BCD8C1462} = {B66EE896-9479-4913-8AA1-D4D723FD6F80}
		{701EB9C2-F015-45B2-A556-0B1C8C6FE222} = {68C64C6D-28FF-4918-981F-68C54882EB7A}
		{2776AEB2-5190-46FE-8083-88106356FCD4} = {68C64C6D-28FF-4918-981F-68C54882EB7A}
		{B66EE896-9479-4913-8AA1-D4D723FD6F80} = {68DDE37D-3797-421D-96EE-C9C03DA91DBF}
		{5A5C26C1-ACAC-48B2-825E-36571A974CC6} = {68DDE37D-3797-421D-96EE-C9C03DA91DBF}
		{47A67D6A-52C2-4F1C-96AD-6AA886825782} = {68DDE37D-3797-421D-96EE-C9C03DA91DBF}
		{CD271FCC-1F28-4A02-B81D-C9872243B95E} = {68C64C6D-28FF-4918-981F-68C54882EB7A}
		{8E1F69FC-C789-4CA0-8BE3-DFCC2762DB76} = {CD271FCC-1F28-4A02-B81D-C9872243B95E}
		{580F85D7-1394-4B89-AAB1-160A84001B57} = {68DDE37D-3797-421D-96EE-C9C03DA91DBF}
		{A78CD529-EC86-42A8-98FB-D6F8CA509FDE} = {580F85D7-1394-4B89-AAB1-160A84001B57}
	EndGlobalSection
EndGlobal
